
Microsoft Visual Studio Solution File, Format Version 12.00
# Visual Studio Version 16
VisualStudioVersion = 16.0.30523.141
MinimumVisualStudioVersion = 10.0.40219.1
Project("{FAE04EC0-301F-11D3-BF4B-00C04F79EFBC}") = "excercise", "excercise\excercise.csproj", "{6244A87D-33C6-4CBC-890E-94CA69D565C0}"
EndProject
Global
	GlobalSection(SolutionConfigurationPlatforms) = preSolution
		Debug|Any CPU = Debug|Any CPU
		Release|Any CPU = Release|Any CPU
	EndGlobalSection
	GlobalSection(ProjectConfigurationPlatforms) = postSolution
		{6244A87D-33C6-4CBC-890E-94CA69D565C0}.Debug|Any CPU.ActiveCfg = Debug|Any CPU
		{6244A87D-33C6-4CBC-890E-94CA69D565C0}.Debug|Any CPU.Build.0 = Debug|Any CPU
		{6244A87D-33C6-4CBC-890E-94CA69D565C0}.Release|Any CPU.ActiveCfg = Release|Any CPU
		{6244A87D-33C6-4CBC-890E-94CA69D565C0}.Release|Any CPU.Build.0 = Release|Any CPU
	EndGlobalSection
	GlobalSection(SolutionProperties) = preSolution
		HideSolutionNode = FALSE
	EndGlobalSection
	GlobalSection(ExtensibilityGlobals) = postSolution
		SolutionGuid = {AC492C9F-D019-4D13-BB55-D01B5A277A3D}
	EndGlobalSection
EndGlobal
